
Microsoft Visual Studio Solution File, Format Version 12.00
# Visual Studio 2013
VisualStudioVersion = 12.0.31101.0
MinimumVisualStudioVersion = 10.0.40219.1
Project("{FAE04EC0-301F-11D3-BF4B-00C04F79EFBC}") = "GridView", "GridView\GridView.csproj", "{4CB78EB4-7E80-44BA-804C-95F3F8A1D537}"
EndProject
Global
	GlobalSection(SolutionConfigurationPlatforms) = preSolution
		Debug|Any CPU = Debug|Any CPU
		Release|Any CPU = Release|Any CPU
	EndGlobalSection
	GlobalSection(ProjectConfigurationPlatforms) = postSolution
		{4CB78EB4-7E80-44BA-804C-95F3F8A1D537}.Debug|Any CPU.ActiveCfg = Debug|Any CPU
		{4CB78EB4-7E80-44BA-804C-95F3F8A1D537}.Debug|Any CPU.Build.0 = Debug|Any CPU
		{4CB78EB4-7E80-44BA-804C-95F3F8A1D537}.Release|Any CPU.ActiveCfg = Release|Any CPU
		{4CB78EB4-7E80-44BA-804C-95F3F8A1D537}.Release|Any CPU.Build.0 = Release|Any CPU
	EndGlobalSection
	GlobalSection(SolutionProperties) = preSolution
		HideSolutionNode = FALSE
	EndGlobalSection
EndGlobal
